
Microsoft Visual Studio Solution File, Format Version 12.00
# Visual Studio Version 17
VisualStudioVersion = 17.3.32825.248
MinimumVisualStudioVersion = 10.0.40219.1
Project("{888888A0-9F3D-457C-B088-3A5042F75D52}") = "핸드폰 번호 가리기", "핸드폰 번호 가리기\핸드폰 번호 가리기.pyproj", "{7F5C4402-F363-409E-8BC1-0E96DBF4C98F}"
EndProject
Global
	GlobalSection(SolutionConfigurationPlatforms) = preSolution
		Debug|Any CPU = Debug|Any CPU
		Release|Any CPU = Release|Any CPU
	EndGlobalSection
	GlobalSection(ProjectConfigurationPlatforms) = postSolution
		{7F5C4402-F363-409E-8BC1-0E96DBF4C98F}.Debug|Any CPU.ActiveCfg = Debug|Any CPU
		{7F5C4402-F363-409E-8BC1-0E96DBF4C98F}.Release|Any CPU.ActiveCfg = Release|Any CPU
	EndGlobalSection
	GlobalSection(SolutionProperties) = preSolution
		HideSolutionNode = FALSE
	EndGlobalSection
	GlobalSection(ExtensibilityGlobals) = postSolution
		SolutionGuid = {BAA367CD-5460-4C50-BCBC-F4CFB9FA981B}
	EndGlobalSection
EndGlobal
