
Microsoft Visual Studio Solution File, Format Version 12.00
# Visual Studio Version 17
VisualStudioVersion = 17.3.32825.248
MinimumVisualStudioVersion = 10.0.40219.1
Project("{888888A0-9F3D-457C-B088-3A5042F75D52}") = "수박수박수박수박수박수", "수박수박수박수박수박수\수박수박수박수박수박수.pyproj", "{A6FFA404-8C91-4778-A0AD-BCA8386FF8B2}"
EndProject
Global
	GlobalSection(SolutionConfigurationPlatforms) = preSolution
		Debug|Any CPU = Debug|Any CPU
		Release|Any CPU = Release|Any CPU
	EndGlobalSection
	GlobalSection(ProjectConfigurationPlatforms) = postSolution
		{A6FFA404-8C91-4778-A0AD-BCA8386FF8B2}.Debug|Any CPU.ActiveCfg = Debug|Any CPU
		{A6FFA404-8C91-4778-A0AD-BCA8386FF8B2}.Release|Any CPU.ActiveCfg = Release|Any CPU
	EndGlobalSection
	GlobalSection(SolutionProperties) = preSolution
		HideSolutionNode = FALSE
	EndGlobalSection
	GlobalSection(ExtensibilityGlobals) = postSolution
		SolutionGuid = {168DC9D7-5D0A-4F39-B5B5-3D9D5173C5A7}
	EndGlobalSection
EndGlobal
