
Microsoft Visual Studio Solution File, Format Version 12.00
# Visual Studio Version 17
VisualStudioVersion = 17.4.33122.133
MinimumVisualStudioVersion = 10.0.40219.1
Project("{888888A0-9F3D-457C-B088-3A5042F75D52}") = "쉽게 푸는 문제", "쉽게 푸는 문제\쉽게 푸는 문제.pyproj", "{66196067-B1B6-4AF5-8E16-167C6CE563B6}"
EndProject
Global
	GlobalSection(SolutionConfigurationPlatforms) = preSolution
		Debug|Any CPU = Debug|Any CPU
		Release|Any CPU = Release|Any CPU
	EndGlobalSection
	GlobalSection(ProjectConfigurationPlatforms) = postSolution
		{66196067-B1B6-4AF5-8E16-167C6CE563B6}.Debug|Any CPU.ActiveCfg = Debug|Any CPU
		{66196067-B1B6-4AF5-8E16-167C6CE563B6}.Release|Any CPU.ActiveCfg = Release|Any CPU
	EndGlobalSection
	GlobalSection(SolutionProperties) = preSolution
		HideSolutionNode = FALSE
	EndGlobalSection
	GlobalSection(ExtensibilityGlobals) = postSolution
		SolutionGuid = {AB54774F-734E-4803-A9CC-99DB75118F09}
	EndGlobalSection
EndGlobal
