
Microsoft Visual Studio Solution File, Format Version 12.00
# Visual Studio Version 17
VisualStudioVersion = 17.3.32825.248
MinimumVisualStudioVersion = 10.0.40219.1
Project("{888888A0-9F3D-457C-B088-3A5042F75D52}") = "내적", "내적\내적.pyproj", "{03639E70-203F-4A0E-9517-D8462D820E1B}"
EndProject
Global
	GlobalSection(SolutionConfigurationPlatforms) = preSolution
		Debug|Any CPU = Debug|Any CPU
		Release|Any CPU = Release|Any CPU
	EndGlobalSection
	GlobalSection(ProjectConfigurationPlatforms) = postSolution
		{03639E70-203F-4A0E-9517-D8462D820E1B}.Debug|Any CPU.ActiveCfg = Debug|Any CPU
		{03639E70-203F-4A0E-9517-D8462D820E1B}.Release|Any CPU.ActiveCfg = Release|Any CPU
	EndGlobalSection
	GlobalSection(SolutionProperties) = preSolution
		HideSolutionNode = FALSE
	EndGlobalSection
	GlobalSection(ExtensibilityGlobals) = postSolution
		SolutionGuid = {E693AC7C-E5F4-4CF9-A5C2-04FC8D68F494}
	EndGlobalSection
EndGlobal
