
Microsoft Visual Studio Solution File, Format Version 12.00
# Visual Studio Version 17
VisualStudioVersion = 17.4.33122.133
MinimumVisualStudioVersion = 10.0.40219.1
Project("{888888A0-9F3D-457C-B088-3A5042F75D52}") = "뒤집힌 덧셈", "뒤집힌 덧셈\뒤집힌 덧셈.pyproj", "{E551F23B-420D-44E5-910F-0A480F668A93}"
EndProject
Global
	GlobalSection(SolutionConfigurationPlatforms) = preSolution
		Debug|Any CPU = Debug|Any CPU
		Release|Any CPU = Release|Any CPU
	EndGlobalSection
	GlobalSection(ProjectConfigurationPlatforms) = postSolution
		{E551F23B-420D-44E5-910F-0A480F668A93}.Debug|Any CPU.ActiveCfg = Debug|Any CPU
		{E551F23B-420D-44E5-910F-0A480F668A93}.Release|Any CPU.ActiveCfg = Release|Any CPU
	EndGlobalSection
	GlobalSection(SolutionProperties) = preSolution
		HideSolutionNode = FALSE
	EndGlobalSection
	GlobalSection(ExtensibilityGlobals) = postSolution
		SolutionGuid = {8224C3B5-1288-44FF-A267-186454137E93}
	EndGlobalSection
EndGlobal
