
Microsoft Visual Studio Solution File, Format Version 12.00
# Visual Studio Version 17
VisualStudioVersion = 17.3.32825.248
MinimumVisualStudioVersion = 10.0.40219.1
Project("{888888A0-9F3D-457C-B088-3A5042F75D52}") = "문자열 다루기 기본", "문자열 다루기 기본\문자열 다루기 기본.pyproj", "{F946FD1A-DD17-4486-B238-0BA6EDE295B1}"
EndProject
Global
	GlobalSection(SolutionConfigurationPlatforms) = preSolution
		Debug|Any CPU = Debug|Any CPU
		Release|Any CPU = Release|Any CPU
	EndGlobalSection
	GlobalSection(ProjectConfigurationPlatforms) = postSolution
		{F946FD1A-DD17-4486-B238-0BA6EDE295B1}.Debug|Any CPU.ActiveCfg = Debug|Any CPU
		{F946FD1A-DD17-4486-B238-0BA6EDE295B1}.Release|Any CPU.ActiveCfg = Release|Any CPU
	EndGlobalSection
	GlobalSection(SolutionProperties) = preSolution
		HideSolutionNode = FALSE
	EndGlobalSection
	GlobalSection(ExtensibilityGlobals) = postSolution
		SolutionGuid = {F5C82350-CD4B-4930-819D-CC15385A6BBD}
	EndGlobalSection
EndGlobal
