
Microsoft Visual Studio Solution File, Format Version 12.00
# Visual Studio Version 17
VisualStudioVersion = 17.3.32825.248
MinimumVisualStudioVersion = 10.0.40219.1
Project("{888888A0-9F3D-457C-B088-3A5042F75D52}") = "정수 제곱근 판별", "정수 제곱근 판별\정수 제곱근 판별.pyproj", "{C3993B93-5129-4AFA-8848-47566866A34E}"
EndProject
Global
	GlobalSection(SolutionConfigurationPlatforms) = preSolution
		Debug|Any CPU = Debug|Any CPU
		Release|Any CPU = Release|Any CPU
	EndGlobalSection
	GlobalSection(ProjectConfigurationPlatforms) = postSolution
		{C3993B93-5129-4AFA-8848-47566866A34E}.Debug|Any CPU.ActiveCfg = Debug|Any CPU
		{C3993B93-5129-4AFA-8848-47566866A34E}.Release|Any CPU.ActiveCfg = Release|Any CPU
	EndGlobalSection
	GlobalSection(SolutionProperties) = preSolution
		HideSolutionNode = FALSE
	EndGlobalSection
	GlobalSection(ExtensibilityGlobals) = postSolution
		SolutionGuid = {3736C017-ACF2-4D67-AB6A-2FE67E0A5DD6}
	EndGlobalSection
EndGlobal
