
Microsoft Visual Studio Solution File, Format Version 12.00
# Visual Studio Version 17
VisualStudioVersion = 17.4.33122.133
MinimumVisualStudioVersion = 10.0.40219.1
Project("{888888A0-9F3D-457C-B088-3A5042F75D52}") = "숫자의 합", "숫자의 합\숫자의 합.pyproj", "{5C55295D-87F9-463F-A475-2888EB543340}"
EndProject
Global
	GlobalSection(SolutionConfigurationPlatforms) = preSolution
		Debug|Any CPU = Debug|Any CPU
		Release|Any CPU = Release|Any CPU
	EndGlobalSection
	GlobalSection(ProjectConfigurationPlatforms) = postSolution
		{5C55295D-87F9-463F-A475-2888EB543340}.Debug|Any CPU.ActiveCfg = Debug|Any CPU
		{5C55295D-87F9-463F-A475-2888EB543340}.Release|Any CPU.ActiveCfg = Release|Any CPU
	EndGlobalSection
	GlobalSection(SolutionProperties) = preSolution
		HideSolutionNode = FALSE
	EndGlobalSection
	GlobalSection(ExtensibilityGlobals) = postSolution
		SolutionGuid = {7D9D72BA-564A-4F7B-BED9-09DD2F4DE932}
	EndGlobalSection
EndGlobal
