
Microsoft Visual Studio Solution File, Format Version 12.00
# Visual Studio Version 17
VisualStudioVersion = 17.4.33122.133
MinimumVisualStudioVersion = 10.0.40219.1
Project("{888888A0-9F3D-457C-B088-3A5042F75D52}") = "명령 프롬프트", "명령 프롬프트\명령 프롬프트.pyproj", "{EEB1C5DF-7E66-4030-9735-BDF57869E2FD}"
EndProject
Global
	GlobalSection(SolutionConfigurationPlatforms) = preSolution
		Debug|Any CPU = Debug|Any CPU
		Release|Any CPU = Release|Any CPU
	EndGlobalSection
	GlobalSection(ProjectConfigurationPlatforms) = postSolution
		{EEB1C5DF-7E66-4030-9735-BDF57869E2FD}.Debug|Any CPU.ActiveCfg = Debug|Any CPU
		{EEB1C5DF-7E66-4030-9735-BDF57869E2FD}.Release|Any CPU.ActiveCfg = Release|Any CPU
	EndGlobalSection
	GlobalSection(SolutionProperties) = preSolution
		HideSolutionNode = FALSE
	EndGlobalSection
	GlobalSection(ExtensibilityGlobals) = postSolution
		SolutionGuid = {FD854B79-2E65-4284-8E3E-C0E1557362CC}
	EndGlobalSection
EndGlobal
