
Microsoft Visual Studio Solution File, Format Version 12.00
# Visual Studio Version 17
VisualStudioVersion = 17.3.32825.248
MinimumVisualStudioVersion = 10.0.40219.1
Project("{888888A0-9F3D-457C-B088-3A5042F75D52}") = "안전지대", "안전지대\안전지대.pyproj", "{B09A5712-375B-4DA1-92D4-AA9B0DC8E91B}"
EndProject
Global
	GlobalSection(SolutionConfigurationPlatforms) = preSolution
		Debug|Any CPU = Debug|Any CPU
		Release|Any CPU = Release|Any CPU
	EndGlobalSection
	GlobalSection(ProjectConfigurationPlatforms) = postSolution
		{B09A5712-375B-4DA1-92D4-AA9B0DC8E91B}.Debug|Any CPU.ActiveCfg = Debug|Any CPU
		{B09A5712-375B-4DA1-92D4-AA9B0DC8E91B}.Release|Any CPU.ActiveCfg = Release|Any CPU
	EndGlobalSection
	GlobalSection(SolutionProperties) = preSolution
		HideSolutionNode = FALSE
	EndGlobalSection
	GlobalSection(ExtensibilityGlobals) = postSolution
		SolutionGuid = {08AB69B9-4398-4ACB-B722-53742B9C2655}
	EndGlobalSection
EndGlobal
