
Microsoft Visual Studio Solution File, Format Version 12.00
# Visual Studio Version 17
VisualStudioVersion = 17.3.32825.248
MinimumVisualStudioVersion = 10.0.40219.1
Project("{888888A0-9F3D-457C-B088-3A5042F75D52}") = "문자열 내 p와 y의 개수", "문자열 내 p와 y의 개수\문자열 내 p와 y의 개수.pyproj", "{A12572EE-AB68-495A-88E3-D168F40E19AC}"
EndProject
Global
	GlobalSection(SolutionConfigurationPlatforms) = preSolution
		Debug|Any CPU = Debug|Any CPU
		Release|Any CPU = Release|Any CPU
	EndGlobalSection
	GlobalSection(ProjectConfigurationPlatforms) = postSolution
		{A12572EE-AB68-495A-88E3-D168F40E19AC}.Debug|Any CPU.ActiveCfg = Debug|Any CPU
		{A12572EE-AB68-495A-88E3-D168F40E19AC}.Release|Any CPU.ActiveCfg = Release|Any CPU
	EndGlobalSection
	GlobalSection(SolutionProperties) = preSolution
		HideSolutionNode = FALSE
	EndGlobalSection
	GlobalSection(ExtensibilityGlobals) = postSolution
		SolutionGuid = {A1FE1A9E-057F-457B-9C8C-00119A69BB3E}
	EndGlobalSection
EndGlobal
