
Microsoft Visual Studio Solution File, Format Version 12.00
# Visual Studio Version 17
VisualStudioVersion = 17.3.32825.248
MinimumVisualStudioVersion = 10.0.40219.1
Project("{888888A0-9F3D-457C-B088-3A5042F75D52}") = "완주하지 못한 선수", "완주하지 못한 선수\완주하지 못한 선수.pyproj", "{374B8CB9-03A6-4239-B959-27FA0B36AC1B}"
EndProject
Global
	GlobalSection(SolutionConfigurationPlatforms) = preSolution
		Debug|Any CPU = Debug|Any CPU
		Release|Any CPU = Release|Any CPU
	EndGlobalSection
	GlobalSection(ProjectConfigurationPlatforms) = postSolution
		{374B8CB9-03A6-4239-B959-27FA0B36AC1B}.Debug|Any CPU.ActiveCfg = Debug|Any CPU
		{374B8CB9-03A6-4239-B959-27FA0B36AC1B}.Release|Any CPU.ActiveCfg = Release|Any CPU
	EndGlobalSection
	GlobalSection(SolutionProperties) = preSolution
		HideSolutionNode = FALSE
	EndGlobalSection
	GlobalSection(ExtensibilityGlobals) = postSolution
		SolutionGuid = {8962B515-E29C-4475-8F5C-1358CB13057E}
	EndGlobalSection
EndGlobal
