
Microsoft Visual Studio Solution File, Format Version 12.00
# Visual Studio Version 17
VisualStudioVersion = 17.3.32825.248
MinimumVisualStudioVersion = 10.0.40219.1
Project("{888888A0-9F3D-457C-B088-3A5042F75D52}") = "문자열 계산하기", "문자열 계산하기\문자열 계산하기.pyproj", "{17A6B5C9-E116-4432-9913-4CC5755186C1}"
EndProject
Global
	GlobalSection(SolutionConfigurationPlatforms) = preSolution
		Debug|Any CPU = Debug|Any CPU
		Release|Any CPU = Release|Any CPU
	EndGlobalSection
	GlobalSection(ProjectConfigurationPlatforms) = postSolution
		{17A6B5C9-E116-4432-9913-4CC5755186C1}.Debug|Any CPU.ActiveCfg = Debug|Any CPU
		{17A6B5C9-E116-4432-9913-4CC5755186C1}.Release|Any CPU.ActiveCfg = Release|Any CPU
	EndGlobalSection
	GlobalSection(SolutionProperties) = preSolution
		HideSolutionNode = FALSE
	EndGlobalSection
	GlobalSection(ExtensibilityGlobals) = postSolution
		SolutionGuid = {01467618-38FE-473E-B54D-6A23C278B1B2}
	EndGlobalSection
EndGlobal
