
Microsoft Visual Studio Solution File, Format Version 12.00
# Visual Studio Version 17
VisualStudioVersion = 17.3.32825.248
MinimumVisualStudioVersion = 10.0.40219.1
Project("{888888A0-9F3D-457C-B088-3A5042F75D52}") = "x만큼 간격이 있는 n개의 숫자", "x만큼 간격이 있는 n개의 숫자\x만큼 간격이 있는 n개의 숫자.pyproj", "{4D30C896-A05D-4DC9-BA75-F10BFF5F8412}"
EndProject
Global
	GlobalSection(SolutionConfigurationPlatforms) = preSolution
		Debug|Any CPU = Debug|Any CPU
		Release|Any CPU = Release|Any CPU
	EndGlobalSection
	GlobalSection(ProjectConfigurationPlatforms) = postSolution
		{4D30C896-A05D-4DC9-BA75-F10BFF5F8412}.Debug|Any CPU.ActiveCfg = Debug|Any CPU
		{4D30C896-A05D-4DC9-BA75-F10BFF5F8412}.Release|Any CPU.ActiveCfg = Release|Any CPU
	EndGlobalSection
	GlobalSection(SolutionProperties) = preSolution
		HideSolutionNode = FALSE
	EndGlobalSection
	GlobalSection(ExtensibilityGlobals) = postSolution
		SolutionGuid = {F7EF543A-FF0C-4F4D-A0B8-07DD5ED609E7}
	EndGlobalSection
EndGlobal
