
Microsoft Visual Studio Solution File, Format Version 12.00
# Visual Studio Version 17
VisualStudioVersion = 17.3.32825.248
MinimumVisualStudioVersion = 10.0.40219.1
Project("{8BC9CEB8-8B4A-11D0-8D11-00A0C91BC942}") = "Project2", "Project2\Project2.vcxproj", "{84F39246-C6B5-4EDF-8858-616F5357C307}"
EndProject
Global
	GlobalSection(SolutionConfigurationPlatforms) = preSolution
		Debug|x64 = Debug|x64
		Debug|x86 = Debug|x86
		Release|x64 = Release|x64
		Release|x86 = Release|x86
	EndGlobalSection
	GlobalSection(ProjectConfigurationPlatforms) = postSolution
		{84F39246-C6B5-4EDF-8858-616F5357C307}.Debug|x64.ActiveCfg = Debug|x64
		{84F39246-C6B5-4EDF-8858-616F5357C307}.Debug|x64.Build.0 = Debug|x64
		{84F39246-C6B5-4EDF-8858-616F5357C307}.Debug|x86.ActiveCfg = Debug|Win32
		{84F39246-C6B5-4EDF-8858-616F5357C307}.Debug|x86.Build.0 = Debug|Win32
		{84F39246-C6B5-4EDF-8858-616F5357C307}.Release|x64.ActiveCfg = Release|x64
		{84F39246-C6B5-4EDF-8858-616F5357C307}.Release|x64.Build.0 = Release|x64
		{84F39246-C6B5-4EDF-8858-616F5357C307}.Release|x86.ActiveCfg = Release|Win32
		{84F39246-C6B5-4EDF-8858-616F5357C307}.Release|x86.Build.0 = Release|Win32
	EndGlobalSection
	GlobalSection(SolutionProperties) = preSolution
		HideSolutionNode = FALSE
	EndGlobalSection
	GlobalSection(ExtensibilityGlobals) = postSolution
		SolutionGuid = {BC20FEAF-AE96-4B63-97A1-8A9BA9E58C9C}
	EndGlobalSection
EndGlobal
