
Microsoft Visual Studio Solution File, Format Version 12.00
# Visual Studio Version 17
VisualStudioVersion = 17.3.32825.248
MinimumVisualStudioVersion = 10.0.40219.1
Project("{888888A0-9F3D-457C-B088-3A5042F75D52}") = "[3차] 압축", "[3차] 압축\[3차] 압축.pyproj", "{FA19C69F-040C-4253-AA59-88D83BCF9487}"
EndProject
Global
	GlobalSection(SolutionConfigurationPlatforms) = preSolution
		Debug|Any CPU = Debug|Any CPU
		Release|Any CPU = Release|Any CPU
	EndGlobalSection
	GlobalSection(ProjectConfigurationPlatforms) = postSolution
		{FA19C69F-040C-4253-AA59-88D83BCF9487}.Debug|Any CPU.ActiveCfg = Debug|Any CPU
		{FA19C69F-040C-4253-AA59-88D83BCF9487}.Release|Any CPU.ActiveCfg = Release|Any CPU
	EndGlobalSection
	GlobalSection(SolutionProperties) = preSolution
		HideSolutionNode = FALSE
	EndGlobalSection
	GlobalSection(ExtensibilityGlobals) = postSolution
		SolutionGuid = {17C0692B-826A-4127-AC6D-109A194FFAB6}
	EndGlobalSection
EndGlobal
