
Microsoft Visual Studio Solution File, Format Version 12.00
# Visual Studio Version 17
VisualStudioVersion = 17.4.33122.133
MinimumVisualStudioVersion = 10.0.40219.1
Project("{888888A0-9F3D-457C-B088-3A5042F75D52}") = "약수", "약수\약수.pyproj", "{CFDA1920-DBA3-4FF6-AA7F-C18BCF10E8B0}"
EndProject
Global
	GlobalSection(SolutionConfigurationPlatforms) = preSolution
		Debug|Any CPU = Debug|Any CPU
		Release|Any CPU = Release|Any CPU
	EndGlobalSection
	GlobalSection(ProjectConfigurationPlatforms) = postSolution
		{CFDA1920-DBA3-4FF6-AA7F-C18BCF10E8B0}.Debug|Any CPU.ActiveCfg = Debug|Any CPU
		{CFDA1920-DBA3-4FF6-AA7F-C18BCF10E8B0}.Release|Any CPU.ActiveCfg = Release|Any CPU
	EndGlobalSection
	GlobalSection(SolutionProperties) = preSolution
		HideSolutionNode = FALSE
	EndGlobalSection
	GlobalSection(ExtensibilityGlobals) = postSolution
		SolutionGuid = {87F6BE1C-DE9D-43BB-8646-508D7308BBD3}
	EndGlobalSection
EndGlobal
