
Microsoft Visual Studio Solution File, Format Version 12.00
# Visual Studio Version 17
VisualStudioVersion = 17.4.33122.133
MinimumVisualStudioVersion = 10.0.40219.1
Project("{888888A0-9F3D-457C-B088-3A5042F75D52}") = "개", "개\개.pyproj", "{4B072B2F-A92F-4023-8347-8A4EC884D59C}"
EndProject
Global
	GlobalSection(SolutionConfigurationPlatforms) = preSolution
		Debug|Any CPU = Debug|Any CPU
		Release|Any CPU = Release|Any CPU
	EndGlobalSection
	GlobalSection(ProjectConfigurationPlatforms) = postSolution
		{4B072B2F-A92F-4023-8347-8A4EC884D59C}.Debug|Any CPU.ActiveCfg = Debug|Any CPU
		{4B072B2F-A92F-4023-8347-8A4EC884D59C}.Release|Any CPU.ActiveCfg = Release|Any CPU
	EndGlobalSection
	GlobalSection(SolutionProperties) = preSolution
		HideSolutionNode = FALSE
	EndGlobalSection
	GlobalSection(ExtensibilityGlobals) = postSolution
		SolutionGuid = {03B39B53-31E4-450D-8139-3688DFCFB61B}
	EndGlobalSection
EndGlobal
