
Microsoft Visual Studio Solution File, Format Version 12.00
# Visual Studio Version 17
VisualStudioVersion = 17.3.32825.248
MinimumVisualStudioVersion = 10.0.40219.1
Project("{8BC9CEB8-8B4A-11D0-8D11-00A0C91BC942}") = "숨어있는 숫자의 덧셈 (2)", "숨어있는 숫자의 덧셈 (2)\숨어있는 숫자의 덧셈 (2).vcxproj", "{13E6ED76-75F6-41C8-A4C6-9AC5AC5A7247}"
EndProject
Global
	GlobalSection(SolutionConfigurationPlatforms) = preSolution
		Debug|x64 = Debug|x64
		Debug|x86 = Debug|x86
		Release|x64 = Release|x64
		Release|x86 = Release|x86
	EndGlobalSection
	GlobalSection(ProjectConfigurationPlatforms) = postSolution
		{13E6ED76-75F6-41C8-A4C6-9AC5AC5A7247}.Debug|x64.ActiveCfg = Debug|x64
		{13E6ED76-75F6-41C8-A4C6-9AC5AC5A7247}.Debug|x64.Build.0 = Debug|x64
		{13E6ED76-75F6-41C8-A4C6-9AC5AC5A7247}.Debug|x86.ActiveCfg = Debug|Win32
		{13E6ED76-75F6-41C8-A4C6-9AC5AC5A7247}.Debug|x86.Build.0 = Debug|Win32
		{13E6ED76-75F6-41C8-A4C6-9AC5AC5A7247}.Release|x64.ActiveCfg = Release|x64
		{13E6ED76-75F6-41C8-A4C6-9AC5AC5A7247}.Release|x64.Build.0 = Release|x64
		{13E6ED76-75F6-41C8-A4C6-9AC5AC5A7247}.Release|x86.ActiveCfg = Release|Win32
		{13E6ED76-75F6-41C8-A4C6-9AC5AC5A7247}.Release|x86.Build.0 = Release|Win32
	EndGlobalSection
	GlobalSection(SolutionProperties) = preSolution
		HideSolutionNode = FALSE
	EndGlobalSection
	GlobalSection(ExtensibilityGlobals) = postSolution
		SolutionGuid = {8F9CA2D7-72FC-46C7-B786-2A8913B61505}
	EndGlobalSection
EndGlobal
