
Microsoft Visual Studio Solution File, Format Version 12.00
# Visual Studio Version 17
VisualStudioVersion = 17.4.33122.133
MinimumVisualStudioVersion = 10.0.40219.1
Project("{888888A0-9F3D-457C-B088-3A5042F75D52}") = "2진수 8진수", "2진수 8진수\2진수 8진수.pyproj", "{AE8B460D-9A5E-4B3A-AA30-389E24DC7FC1}"
EndProject
Global
	GlobalSection(SolutionConfigurationPlatforms) = preSolution
		Debug|Any CPU = Debug|Any CPU
		Release|Any CPU = Release|Any CPU
	EndGlobalSection
	GlobalSection(ProjectConfigurationPlatforms) = postSolution
		{AE8B460D-9A5E-4B3A-AA30-389E24DC7FC1}.Debug|Any CPU.ActiveCfg = Debug|Any CPU
		{AE8B460D-9A5E-4B3A-AA30-389E24DC7FC1}.Release|Any CPU.ActiveCfg = Release|Any CPU
	EndGlobalSection
	GlobalSection(SolutionProperties) = preSolution
		HideSolutionNode = FALSE
	EndGlobalSection
	GlobalSection(ExtensibilityGlobals) = postSolution
		SolutionGuid = {47EE222E-313F-4284-9580-2C64D81FA3DD}
	EndGlobalSection
EndGlobal
