
Microsoft Visual Studio Solution File, Format Version 12.00
# Visual Studio Version 17
VisualStudioVersion = 17.3.32825.248
MinimumVisualStudioVersion = 10.0.40219.1
Project("{888888A0-9F3D-457C-B088-3A5042F75D52}") = "우박수열 정적분", "우박수열 정적분\우박수열 정적분.pyproj", "{7C311B23-7009-4ECB-BCB2-FCCD00204062}"
EndProject
Global
	GlobalSection(SolutionConfigurationPlatforms) = preSolution
		Debug|Any CPU = Debug|Any CPU
		Release|Any CPU = Release|Any CPU
	EndGlobalSection
	GlobalSection(ProjectConfigurationPlatforms) = postSolution
		{7C311B23-7009-4ECB-BCB2-FCCD00204062}.Debug|Any CPU.ActiveCfg = Debug|Any CPU
		{7C311B23-7009-4ECB-BCB2-FCCD00204062}.Release|Any CPU.ActiveCfg = Release|Any CPU
	EndGlobalSection
	GlobalSection(SolutionProperties) = preSolution
		HideSolutionNode = FALSE
	EndGlobalSection
	GlobalSection(ExtensibilityGlobals) = postSolution
		SolutionGuid = {278F6805-F100-4C22-A991-4FA213E516A9}
	EndGlobalSection
EndGlobal
