
Microsoft Visual Studio Solution File, Format Version 12.00
# Visual Studio Version 17
VisualStudioVersion = 17.3.32825.248
MinimumVisualStudioVersion = 10.0.40219.1
Project("{888888A0-9F3D-457C-B088-3A5042F75D52}") = "약수의 합", "약수의 합\약수의 합.pyproj", "{C8124EC2-B683-4FB9-8D0A-06D77B812A79}"
EndProject
Global
	GlobalSection(SolutionConfigurationPlatforms) = preSolution
		Debug|Any CPU = Debug|Any CPU
		Release|Any CPU = Release|Any CPU
	EndGlobalSection
	GlobalSection(ProjectConfigurationPlatforms) = postSolution
		{C8124EC2-B683-4FB9-8D0A-06D77B812A79}.Debug|Any CPU.ActiveCfg = Debug|Any CPU
		{C8124EC2-B683-4FB9-8D0A-06D77B812A79}.Release|Any CPU.ActiveCfg = Release|Any CPU
	EndGlobalSection
	GlobalSection(SolutionProperties) = preSolution
		HideSolutionNode = FALSE
	EndGlobalSection
	GlobalSection(ExtensibilityGlobals) = postSolution
		SolutionGuid = {9889E5B9-3CE0-4971-BBD6-0160BA0982E9}
	EndGlobalSection
EndGlobal
