
Microsoft Visual Studio Solution File, Format Version 12.00
# Visual Studio Version 17
VisualStudioVersion = 17.3.32825.248
MinimumVisualStudioVersion = 10.0.40219.1
Project("{888888A0-9F3D-457C-B088-3A5042F75D52}") = "가운데 글자 가져오기", "가운데 글자 가져오기\가운데 글자 가져오기.pyproj", "{4137BBBA-7058-4805-B002-A20B2587C844}"
EndProject
Global
	GlobalSection(SolutionConfigurationPlatforms) = preSolution
		Debug|Any CPU = Debug|Any CPU
		Release|Any CPU = Release|Any CPU
	EndGlobalSection
	GlobalSection(ProjectConfigurationPlatforms) = postSolution
		{4137BBBA-7058-4805-B002-A20B2587C844}.Debug|Any CPU.ActiveCfg = Debug|Any CPU
		{4137BBBA-7058-4805-B002-A20B2587C844}.Release|Any CPU.ActiveCfg = Release|Any CPU
	EndGlobalSection
	GlobalSection(SolutionProperties) = preSolution
		HideSolutionNode = FALSE
	EndGlobalSection
	GlobalSection(ExtensibilityGlobals) = postSolution
		SolutionGuid = {DA25E29A-D210-4215-B1E8-E3F12FAAB7BD}
	EndGlobalSection
EndGlobal
