
Microsoft Visual Studio Solution File, Format Version 12.00
# Visual Studio Version 17
VisualStudioVersion = 17.3.32825.248
MinimumVisualStudioVersion = 10.0.40219.1
Project("{888888A0-9F3D-457C-B088-3A5042F75D52}") = "OX퀴즈", "OX퀴즈\OX퀴즈.pyproj", "{EB908644-991B-4925-BE82-84ACE921BB30}"
EndProject
Global
	GlobalSection(SolutionConfigurationPlatforms) = preSolution
		Debug|Any CPU = Debug|Any CPU
		Release|Any CPU = Release|Any CPU
	EndGlobalSection
	GlobalSection(ProjectConfigurationPlatforms) = postSolution
		{EB908644-991B-4925-BE82-84ACE921BB30}.Debug|Any CPU.ActiveCfg = Debug|Any CPU
		{EB908644-991B-4925-BE82-84ACE921BB30}.Release|Any CPU.ActiveCfg = Release|Any CPU
	EndGlobalSection
	GlobalSection(SolutionProperties) = preSolution
		HideSolutionNode = FALSE
	EndGlobalSection
	GlobalSection(ExtensibilityGlobals) = postSolution
		SolutionGuid = {B5B52CB3-80A1-4B30-BAA6-7E0EA9DA23F7}
	EndGlobalSection
EndGlobal
