
Microsoft Visual Studio Solution File, Format Version 12.00
# Visual Studio Version 17
VisualStudioVersion = 17.3.32825.248
MinimumVisualStudioVersion = 10.0.40219.1
Project("{8BC9CEB8-8B4A-11D0-8D11-00A0C91BC942}") = "Project2", "Project2\Project2.vcxproj", "{416E2743-CA34-4E42-8089-54597AAEEDCC}"
EndProject
Global
	GlobalSection(SolutionConfigurationPlatforms) = preSolution
		Debug|x64 = Debug|x64
		Debug|x86 = Debug|x86
		Release|x64 = Release|x64
		Release|x86 = Release|x86
	EndGlobalSection
	GlobalSection(ProjectConfigurationPlatforms) = postSolution
		{416E2743-CA34-4E42-8089-54597AAEEDCC}.Debug|x64.ActiveCfg = Debug|x64
		{416E2743-CA34-4E42-8089-54597AAEEDCC}.Debug|x64.Build.0 = Debug|x64
		{416E2743-CA34-4E42-8089-54597AAEEDCC}.Debug|x86.ActiveCfg = Debug|Win32
		{416E2743-CA34-4E42-8089-54597AAEEDCC}.Debug|x86.Build.0 = Debug|Win32
		{416E2743-CA34-4E42-8089-54597AAEEDCC}.Release|x64.ActiveCfg = Release|x64
		{416E2743-CA34-4E42-8089-54597AAEEDCC}.Release|x64.Build.0 = Release|x64
		{416E2743-CA34-4E42-8089-54597AAEEDCC}.Release|x86.ActiveCfg = Release|Win32
		{416E2743-CA34-4E42-8089-54597AAEEDCC}.Release|x86.Build.0 = Release|Win32
	EndGlobalSection
	GlobalSection(SolutionProperties) = preSolution
		HideSolutionNode = FALSE
	EndGlobalSection
	GlobalSection(ExtensibilityGlobals) = postSolution
		SolutionGuid = {C413C6F6-ED7D-4CB0-A03A-7E2CA36F7711}
	EndGlobalSection
EndGlobal
