
Microsoft Visual Studio Solution File, Format Version 12.00
# Visual Studio Version 17
VisualStudioVersion = 17.3.32825.248
MinimumVisualStudioVersion = 10.0.40219.1
Project("{888888A0-9F3D-457C-B088-3A5042F75D52}") = "첼시를 도와줘!", "첼시를 도와줘!\첼시를 도와줘!.pyproj", "{785379AA-8AD6-40E4-B97E-FBCE457F3695}"
EndProject
Global
	GlobalSection(SolutionConfigurationPlatforms) = preSolution
		Debug|Any CPU = Debug|Any CPU
		Release|Any CPU = Release|Any CPU
	EndGlobalSection
	GlobalSection(ProjectConfigurationPlatforms) = postSolution
		{785379AA-8AD6-40E4-B97E-FBCE457F3695}.Debug|Any CPU.ActiveCfg = Debug|Any CPU
		{785379AA-8AD6-40E4-B97E-FBCE457F3695}.Release|Any CPU.ActiveCfg = Release|Any CPU
	EndGlobalSection
	GlobalSection(SolutionProperties) = preSolution
		HideSolutionNode = FALSE
	EndGlobalSection
	GlobalSection(ExtensibilityGlobals) = postSolution
		SolutionGuid = {B32EA3D5-C3A3-4E5B-9ED9-FC78D8EE1D0B}
	EndGlobalSection
EndGlobal
